// !$*UTF8*$!
{
	archiveVersion = 1;
	classes = {
	};
	objectVersion = 48;
	objects = {

/* Begin PBXBuildFile section */
		841E4C7B2055500C00D8450B /* AppDelegate.m in Sources */ = {isa = PBXBuildFile; fileRef = 841E4C7A2055500C00D8450B /* AppDelegate.m */; };
		841E4C7E2055500C00D8450B /* ViewController.m in Sources */ = {isa = PBXBuildFile; fileRef = 841E4C7D2055500C00D8450B /* ViewController.m */; };
		841E4C812055500C00D8450B /* Main.storyboard in Resources */ = {isa = PBXBuildFile; fileRef = 841E4C7F2055500C00D8450B /* Main.storyboard */; };
		841E4C842055500C00D8450B /* Receiver.xcdatamodeld in Sources */ = {isa = PBXBuildFile; fileRef = 841E4C822055500C00D8450B /* Receiver.xcdatamodeld */; };
		841E4C862055500C00D8450B /* Assets.xcassets in Resources */ = {isa = PBXBuildFile; fileRef = 841E4C852055500C00D8450B /* Assets.xcassets */; };
		841E4C892055500C00D8450B /* LaunchScreen.storyboard in Resources */ = {isa = PBXBuildFile; fileRef = 841E4C872055500C00D8450B /* LaunchScreen.storyboard */; };
		841E4C8C2055500C00D8450B /* main.m in Sources */ = {isa = PBXBuildFile; fileRef = 841E4C8B2055500C00D8450B /* main.m */; };
		841E4C962055500D00D8450B /* ReceiverTests.m in Sources */ = {isa = PBXBuildFile; fileRef = 841E4C952055500D00D8450B /* ReceiverTests.m */; };
		841E4CA12055500D00D8450B /* ReceiverUITests.m in Sources */ = {isa = PBXBuildFile; fileRef = 841E4CA02055500D00D8450B /* ReceiverUITests.m */; };
		841E4CBA2055A7CB00D8450B /* ShareViewController.m in Sources */ = {isa = PBXBuildFile; fileRef = 841E4CB92055A7CB00D8450B /* ShareViewController.m */; };
		841E4CBD2055A7CB00D8450B /* MainInterface.storyboard in Resources */ = {isa = PBXBuildFile; fileRef = 841E4CBB2055A7CB00D8450B /* MainInterface.storyboard */; };
		841E4CC12055A7CB00D8450B /* WebmExtension.appex in Embed App Extensions */ = {isa = PBXBuildFile; fileRef = 841E4CB62055A7CA00D8450B /* WebmExtension.appex */; settings = {ATTRIBUTES = (RemoveHeadersOnCopy, ); }; };
/* End PBXBuildFile section */

/* Begin PBXContainerItemProxy section */
		841E4C922055500D00D8450B /* PBXContainerItemProxy */ = {
			isa = PBXContainerItemProxy;
			containerPortal = 841E4C6E2055500C00D8450B /* Project object */;
			proxyType = 1;
			remoteGlobalIDString = 841E4C752055500C00D8450B;
			remoteInfo = Receiver;
		};
		841E4C9D2055500D00D8450B /* PBXContainerItemProxy */ = {
			isa = PBXContainerItemProxy;
			containerPortal = 841E4C6E2055500C00D8450B /* Project object */;
			proxyType = 1;
			remoteGlobalIDString = 841E4C752055500C00D8450B;
			remoteInfo = Receiver;
		};
		841E4CBF2055A7CB00D8450B /* PBXContainerItemProxy */ = {
			isa = PBXContainerItemProxy;
			containerPortal = 841E4C6E2055500C00D8450B /* Project object */;
			proxyType = 1;
			remoteGlobalIDString = 841E4CB52055A7CA00D8450B;
			remoteInfo = WebmExtension;
		};
/* End PBXContainerItemProxy section */

/* Begin PBXCopyFilesBuildPhase section */
		841E4CC52055A7CB00D8450B /* Embed App Extensions */ = {
			isa = PBXCopyFilesBuildPhase;
			buildActionMask = 2147483647;
			dstPath = "";
			dstSubfolderSpec = 13;
			files = (
				841E4CC12055A7CB00D8450B /* WebmExtension.appex in Embed App Extensions */,
			);
			name = "Embed App Extensions";
			runOnlyForDeploymentPostprocessing = 0;
		};
/* End PBXCopyFilesBuildPhase section */

/* Begin PBXFileReference section */
		841E4C762055500C00D8450B /* Receiver.app */ = {isa = PBXFileReference; explicitFileType = wrapper.application; includeInIndex = 0; path = Receiver.app; sourceTree = BUILT_PRODUCTS_DIR; };
		841E4C792055500C00D8450B /* AppDelegate.h */ = {isa = PBXFileReference; lastKnownFileType = sourcecode.c.h; path = AppDelegate.h; sourceTree = "<group>"; };
		841E4C7A2055500C00D8450B /* AppDelegate.m */ = {isa = PBXFileReference; lastKnownFileType = sourcecode.c.objc; path = AppDelegate.m; sourceTree = "<group>"; };
		841E4C7C2055500C00D8450B /* ViewController.h */ = {isa = PBXFileReference; lastKnownFileType = sourcecode.c.h; path = ViewController.h; sourceTree = "<group>"; };
		841E4C7D2055500C00D8450B /* ViewController.m */ = {isa = PBXFileReference; lastKnownFileType = sourcecode.c.objc; path = ViewController.m; sourceTree = "<group>"; };
		841E4C802055500C00D8450B /* Base */ = {isa = PBXFileReference; lastKnownFileType = file.storyboard; name = Base; path = Base.lproj/Main.storyboard; sourceTree = "<group>"; };
		841E4C832055500C00D8450B /* Receiver.xcdatamodel */ = {isa = PBXFileReference; lastKnownFileType = wrapper.xcdatamodel; path = Receiver.xcdatamodel; sourceTree = "<group>"; };
		841E4C852055500C00D8450B /* Assets.xcassets */ = {isa = PBXFileReference; lastKnownFileType = folder.assetcatalog; path = Assets.xcassets; sourceTree = "<group>"; };
		841E4C882055500C00D8450B /* Base */ = {isa = PBXFileReference; lastKnownFileType = file.storyboard; name = Base; path = Base.lproj/LaunchScreen.storyboard; sourceTree = "<group>"; };
		841E4C8A2055500C00D8450B /* Info.plist */ = {isa = PBXFileReference; lastKnownFileType = text.plist.xml; path = Info.plist; sourceTree = "<group>"; };
		841E4C8B2055500C00D8450B /* main.m */ = {isa = PBXFileReference; lastKnownFileType = sourcecode.c.objc; path = main.m; sourceTree = "<group>"; };
		841E4C912055500D00D8450B /* ReceiverTests.xctest */ = {isa = PBXFileReference; explicitFileType = wrapper.cfbundle; includeInIndex = 0; path = ReceiverTests.xctest; sourceTree = BUILT_PRODUCTS_DIR; };
		841E4C952055500D00D8450B /* ReceiverTests.m */ = {isa = PBXFileReference; lastKnownFileType = sourcecode.c.objc; path = ReceiverTests.m; sourceTree = "<group>"; };
		841E4C972055500D00D8450B /* Info.plist */ = {isa = PBXFileReference; lastKnownFileType = text.plist.xml; path = Info.plist; sourceTree = "<group>"; };
		841E4C9C2055500D00D8450B /* ReceiverUITests.xctest */ = {isa = PBXFileReference; explicitFileType = wrapper.cfbundle; includeInIndex = 0; path = ReceiverUITests.xctest; sourceTree = BUILT_PRODUCTS_DIR; };
		841E4CA02055500D00D8450B /* ReceiverUITests.m */ = {isa = PBXFileReference; lastKnownFileType = sourcecode.c.objc; path = ReceiverUITests.m; sourceTree = "<group>"; };
		841E4CA22055500D00D8450B /* Info.plist */ = {isa = PBXFileReference; lastKnownFileType = text.plist.xml; path = Info.plist; sourceTree = "<group>"; };
		841E4CB62055A7CA00D8450B /* WebmExtension.appex */ = {isa = PBXFileReference; explicitFileType = "wrapper.app-extension"; includeInIndex = 0; path = WebmExtension.appex; sourceTree = BUILT_PRODUCTS_DIR; };
		841E4CB82055A7CB00D8450B /* ShareViewController.h */ = {isa = PBXFileReference; lastKnownFileType = sourcecode.c.h; path = ShareViewController.h; sourceTree = "<group>"; };
		841E4CB92055A7CB00D8450B /* ShareViewController.m */ = {isa = PBXFileReference; lastKnownFileType = sourcecode.c.objc; path = ShareViewController.m; sourceTree = "<group>"; };
		841E4CBC2055A7CB00D8450B /* Base */ = {isa = PBXFileReference; lastKnownFileType = file.storyboard; name = Base; path = Base.lproj/MainInterface.storyboard; sourceTree = "<group>"; };
		841E4CBE2055A7CB00D8450B /* Info.plist */ = {isa = PBXFileReference; lastKnownFileType = text.plist.xml; path = Info.plist; sourceTree = "<group>"; };
		841E4CC62055A80100D8450B /* WebmExtension.entitlements */ = {isa = PBXFileReference; lastKnownFileType = text.plist.entitlements; path = WebmExtension.entitlements; sourceTree = "<group>"; };
		841E4CC72055A92A00D8450B /* Receiver.entitlements */ = {isa = PBXFileReference; lastKnownFileType = text.plist.entitlements; path = Receiver.entitlements; sourceTree = "<group>"; };
/* End PBXFileReference section */

/* Begin PBXFrameworksBuildPhase section */
		841E4C732055500C00D8450B /* Frameworks */ = {
			isa = PBXFrameworksBuildPhase;
			buildActionMask = 2147483647;
			files = (
			);
			runOnlyForDeploymentPostprocessing = 0;
		};
		841E4C8E2055500D00D8450B /* Frameworks */ = {
			isa = PBXFrameworksBuildPhase;
			buildActionMask = 2147483647;
			files = (
			);
			runOnlyForDeploymentPostprocessing = 0;
		};
		841E4C992055500D00D8450B /* Frameworks */ = {
			isa = PBXFrameworksBuildPhase;
			buildActionMask = 2147483647;
			files = (
			);
			runOnlyForDeploymentPostprocessing = 0;
		};
		841E4CB32055A7CA00D8450B /* Frameworks */ = {
			isa = PBXFrameworksBuildPhase;
			buildActionMask = 2147483647;
			files = (
			);
			runOnlyForDeploymentPostprocessing = 0;
		};
/* End PBXFrameworksBuildPhase section */

/* Begin PBXGroup section */
		841E4C6D2055500C00D8450B = {
			isa = PBXGroup;
			children = (
				841E4C782055500C00D8450B /* Receiver */,
				841E4C942055500D00D8450B /* ReceiverTests */,
				841E4C9F2055500D00D8450B /* ReceiverUITests */,
				841E4CB72055A7CB00D8450B /* WebmExtension */,
				841E4C772055500C00D8450B /* Products */,
			);
			sourceTree = "<group>";
		};
		841E4C772055500C00D8450B /* Products */ = {
			isa = PBXGroup;
			children = (
				841E4C762055500C00D8450B /* Receiver.app */,
				841E4C912055500D00D8450B /* ReceiverTests.xctest */,
				841E4C9C2055500D00D8450B /* ReceiverUITests.xctest */,
				841E4CB62055A7CA00D8450B /* WebmExtension.appex */,
			);
			name = Products;
			sourceTree = "<group>";
		};
		841E4C782055500C00D8450B /* Receiver */ = {
			isa = PBXGroup;
			children = (
				841E4CC72055A92A00D8450B /* Receiver.entitlements */,
				841E4C792055500C00D8450B /* AppDelegate.h */,
				841E4C7A2055500C00D8450B /* AppDelegate.m */,
				841E4C7C2055500C00D8450B /* ViewController.h */,
				841E4C7D2055500C00D8450B /* ViewController.m */,
				841E4C7F2055500C00D8450B /* Main.storyboard */,
				841E4C852055500C00D8450B /* Assets.xcassets */,
				841E4C872055500C00D8450B /* LaunchScreen.storyboard */,
				841E4C8A2055500C00D8450B /* Info.plist */,
				841E4C8B2055500C00D8450B /* main.m */,
				841E4C822055500C00D8450B /* Receiver.xcdatamodeld */,
			);
			path = Receiver;
			sourceTree = "<group>";
		};
		841E4C942055500D00D8450B /* ReceiverTests */ = {
			isa = PBXGroup;
			children = (
				841E4C952055500D00D8450B /* ReceiverTests.m */,
				841E4C972055500D00D8450B /* Info.plist */,
			);
			path = ReceiverTests;
			sourceTree = "<group>";
		};
		841E4C9F2055500D00D8450B /* ReceiverUITests */ = {
			isa = PBXGroup;
			children = (
				841E4CA02055500D00D8450B /* ReceiverUITests.m */,
				841E4CA22055500D00D8450B /* Info.plist */,
			);
			path = ReceiverUITests;
			sourceTree = "<group>";
		};
		841E4CB72055A7CB00D8450B /* WebmExtension */ = {
			isa = PBXGroup;
			children = (
				841E4CC62055A80100D8450B /* WebmExtension.entitlements */,
				841E4CB82055A7CB00D8450B /* ShareViewController.h */,
				841E4CB92055A7CB00D8450B /* ShareViewController.m */,
				841E4CBB2055A7CB00D8450B /* MainInterface.storyboard */,
				841E4CBE2055A7CB00D8450B /* Info.plist */,
			);
			path = WebmExtension;
			sourceTree = "<group>";
		};
/* End PBXGroup section */

/* Begin PBXNativeTarget section */
		841E4C752055500C00D8450B /* Receiver */ = {
			isa = PBXNativeTarget;
			buildConfigurationList = 841E4CA52055500D00D8450B /* Build configuration list for PBXNativeTarget "Receiver" */;
			buildPhases = (
				841E4C722055500C00D8450B /* Sources */,
				841E4C732055500C00D8450B /* Frameworks */,
				841E4C742055500C00D8450B /* Resources */,
				841E4CC52055A7CB00D8450B /* Embed App Extensions */,
			);
			buildRules = (
			);
			dependencies = (
				841E4CC02055A7CB00D8450B /* PBXTargetDependency */,
			);
			name = Receiver;
			productName = Receiver;
			productReference = 841E4C762055500C00D8450B /* Receiver.app */;
			productType = "com.apple.product-type.application";
		};
		841E4C902055500D00D8450B /* ReceiverTests */ = {
			isa = PBXNativeTarget;
			buildConfigurationList = 841E4CA82055500D00D8450B /* Build configuration list for PBXNativeTarget "ReceiverTests" */;
			buildPhases = (
				841E4C8D2055500D00D8450B /* Sources */,
				841E4C8E2055500D00D8450B /* Frameworks */,
				841E4C8F2055500D00D8450B /* Resources */,
			);
			buildRules = (
			);
			dependencies = (
				841E4C932055500D00D8450B /* PBXTargetDependency */,
			);
			name = ReceiverTests;
			productName = ReceiverTests;
			productReference = 841E4C912055500D00D8450B /* ReceiverTests.xctest */;
			productType = "com.apple.product-type.bundle.unit-test";
		};
		841E4C9B2055500D00D8450B /* ReceiverUITests */ = {
			isa = PBXNativeTarget;
			buildConfigurationList = 841E4CAB2055500D00D8450B /* Build configuration list for PBXNativeTarget "ReceiverUITests" */;
			buildPhases = (
				841E4C982055500D00D8450B /* Sources */,
				841E4C992055500D00D8450B /* Frameworks */,
				841E4C9A2055500D00D8450B /* Resources */,
			);
			buildRules = (
			);
			dependencies = (
				841E4C9E2055500D00D8450B /* PBXTargetDependency */,
			);
			name = ReceiverUITests;
			productName = ReceiverUITests;
			productReference = 841E4C9C2055500D00D8450B /* ReceiverUITests.xctest */;
			productType = "com.apple.product-type.bundle.ui-testing";
		};
		841E4CB52055A7CA00D8450B /* WebmExtension */ = {
			isa = PBXNativeTarget;
			buildConfigurationList = 841E4CC22055A7CB00D8450B /* Build configuration list for PBXNativeTarget "WebmExtension" */;
			buildPhases = (
				841E4CB22055A7CA00D8450B /* Sources */,
				841E4CB32055A7CA00D8450B /* Frameworks */,
				841E4CB42055A7CA00D8450B /* Resources */,
			);
			buildRules = (
			);
			dependencies = (
			);
			name = WebmExtension;
			productName = WebmExtension;
			productReference = 841E4CB62055A7CA00D8450B /* WebmExtension.appex */;
			productType = "com.apple.product-type.app-extension";
		};
/* End PBXNativeTarget section */

/* Begin PBXProject section */
		841E4C6E2055500C00D8450B /* Project object */ = {
			isa = PBXProject;
			attributes = {
				LastUpgradeCheck = 0920;
				ORGANIZATIONNAME = "Studio Evolution";
				TargetAttributes = {
					841E4C752055500C00D8450B = {
						CreatedOnToolsVersion = 9.2;
						ProvisioningStyle = Automatic;
						SystemCapabilities = {
							com.apple.ApplicationGroups.iOS = {
								enabled = 1;
							};
						};
					};
					841E4C902055500D00D8450B = {
						CreatedOnToolsVersion = 9.2;
						ProvisioningStyle = Automatic;
						TestTargetID = 841E4C752055500C00D8450B;
					};
					841E4C9B2055500D00D8450B = {
						CreatedOnToolsVersion = 9.2;
						ProvisioningStyle = Automatic;
						TestTargetID = 841E4C752055500C00D8450B;
					};
					841E4CB52055A7CA00D8450B = {
						CreatedOnToolsVersion = 9.2;
						ProvisioningStyle = Automatic;
						SystemCapabilities = {
							com.apple.ApplicationGroups.iOS = {
								enabled = 1;
							};
						};
					};
				};
			};
			buildConfigurationList = 841E4C712055500C00D8450B /* Build configuration list for PBXProject "Receiver" */;
			compatibilityVersion = "Xcode 8.0";
			developmentRegion = en;
			hasScannedForEncodings = 0;
			knownRegions = (
				en,
				Base,
			);
			mainGroup = 841E4C6D2055500C00D8450B;
			productRefGroup = 841E4C772055500C00D8450B /* Products */;
			projectDirPath = "";
			projectRoot = "";
			targets = (
				841E4C752055500C00D8450B /* Receiver */,
				841E4C902055500D00D8450B /* ReceiverTests */,
				841E4C9B2055500D00D8450B /* ReceiverUITests */,
				841E4CB52055A7CA00D8450B /* WebmExtension */,
			);
		};
/* End PBXProject section */

/* Begin PBXResourcesBuildPhase section */
		841E4C742055500C00D8450B /* Resources */ = {
			isa = PBXResourcesBuildPhase;
			buildActionMask = 2147483647;
			files = (
				841E4C892055500C00D8450B /* LaunchScreen.storyboard in Resources */,
				841E4C862055500C00D8450B /* Assets.xcassets in Resources */,
				841E4C812055500C00D8450B /* Main.storyboard in Resources */,
			);
			runOnlyForDeploymentPostprocessing = 0;
		};
		841E4C8F2055500D00D8450B /* Resources */ = {
			isa = PBXResourcesBuildPhase;
			buildActionMask = 2147483647;
			files = (
			);
			runOnlyForDeploymentPostprocessing = 0;
		};
		841E4C9A2055500D00D8450B /* Resources */ = {
			isa = PBXResourcesBuildPhase;
			buildActionMask = 2147483647;
			files = (
			);
			runOnlyForDeploymentPostprocessing = 0;
		};
		841E4CB42055A7CA00D8450B /* Resources */ = {
			isa = PBXResourcesBuildPhase;
			buildActionMask = 2147483647;
			files = (
				841E4CBD2055A7CB00D8450B /* MainInterface.storyboard in Resources */,
			);
			runOnlyForDeploymentPostprocessing = 0;
		};
/* End PBXResourcesBuildPhase section */

/* Begin PBXSourcesBuildPhase section */
		841E4C722055500C00D8450B /* Sources */ = {
			isa = PBXSourcesBuildPhase;
			buildActionMask = 2147483647;
			files = (
				841E4C7E2055500C00D8450B /* ViewController.m in Sources */,
				841E4C842055500C00D8450B /* Receiver.xcdatamodeld in Sources */,
				841E4C8C2055500C00D8450B /* main.m in Sources */,
				841E4C7B2055500C00D8450B /* AppDelegate.m in Sources */,
			);
			runOnlyForDeploymentPostprocessing = 0;
		};
		841E4C8D2055500D00D8450B /* Sources */ = {
			isa = PBXSourcesBuildPhase;
			buildActionMask = 2147483647;
			files = (
				841E4C962055500D00D8450B /* ReceiverTests.m in Sources */,
			);
			runOnlyForDeploymentPostprocessing = 0;
		};
		841E4C982055500D00D8450B /* Sources */ = {
			isa = PBXSourcesBuildPhase;
			buildActionMask = 2147483647;
			files = (
				841E4CA12055500D00D8450B /* ReceiverUITests.m in Sources */,
			);
			runOnlyForDeploymentPostprocessing = 0;
		};
		841E4CB22055A7CA00D8450B /* Sources */ = {
			isa = PBXSourcesBuildPhase;
			buildActionMask = 2147483647;
			files = (
				841E4CBA2055A7CB00D8450B /* ShareViewController.m in Sources */,
			);
			runOnlyForDeploymentPostprocessing = 0;
		};
/* End PBXSourcesBuildPhase section */

/* Begin PBXTargetDependency section */
		841E4C932055500D00D8450B /* PBXTargetDependency */ = {
			isa = PBXTargetDependency;
			target = 841E4C752055500C00D8450B /* Receiver */;
			targetProxy = 841E4C922055500D00D8450B /* PBXContainerItemProxy */;
		};
		841E4C9E2055500D00D8450B /* PBXTargetDependency */ = {
			isa = PBXTargetDependency;
			target = 841E4C752055500C00D8450B /* Receiver */;
			targetProxy = 841E4C9D2055500D00D8450B /* PBXContainerItemProxy */;
		};
		841E4CC02055A7CB00D8450B /* PBXTargetDependency */ = {
			isa = PBXTargetDependency;
			target = 841E4CB52055A7CA00D8450B /* WebmExtension */;
			targetProxy = 841E4CBF2055A7CB00D8450B /* PBXContainerItemProxy */;
		};
/* End PBXTargetDependency section */

/* Begin PBXVariantGroup section */
		841E4C7F2055500C00D8450B /* Main.storyboard */ = {
			isa = PBXVariantGroup;
			children = (
				841E4C802055500C00D8450B /* Base */,
			);
			name = Main.storyboard;
			sourceTree = "<group>";
		};
		841E4C872055500C00D8450B /* LaunchScreen.storyboard */ = {
			isa = PBXVariantGroup;
			children = (
				841E4C882055500C00D8450B /* Base */,
			);
			name = LaunchScreen.storyboard;
			sourceTree = "<group>";
		};
		841E4CBB2055A7CB00D8450B /* MainInterface.storyboard */ = {
			isa = PBXVariantGroup;
			children = (
				841E4CBC2055A7CB00D8450B /* Base */,
			);
			name = MainInterface.storyboard;
			sourceTree = "<group>";
		};
/* End PBXVariantGroup section */

/* Begin XCBuildConfiguration section */
		841E4CA32055500D00D8450B /* Debug */ = {
			isa = XCBuildConfiguration;
			buildSettings = {
				ALWAYS_SEARCH_USER_PATHS = NO;
				CLANG_ANALYZER_NONNULL = YES;
				CLANG_ANALYZER_NUMBER_OBJECT_CONVERSION = YES_AGGRESSIVE;
				CLANG_CXX_LANGUAGE_STANDARD = "gnu++14";
				CLANG_CXX_LIBRARY = "libc++";
				CLANG_ENABLE_MODULES = YES;
				CLANG_ENABLE_OBJC_ARC = YES;
				CLANG_WARN_BLOCK_CAPTURE_AUTORELEASING = YES;
				CLANG_WARN_BOOL_CONVERSION = YES;
				CLANG_WARN_COMMA = YES;
				CLANG_WARN_CONSTANT_CONVERSION = YES;
				CLANG_WARN_DIRECT_OBJC_ISA_USAGE = YES_ERROR;
				CLANG_WARN_DOCUMENTATION_COMMENTS = YES;
				CLANG_WARN_EMPTY_BODY = YES;
				CLANG_WARN_ENUM_CONVERSION = YES;
				CLANG_WARN_INFINITE_RECURSION = YES;
				CLANG_WARN_INT_CONVERSION = YES;
				CLANG_WARN_NON_LITERAL_NULL_CONVERSION = YES;
				CLANG_WARN_OBJC_LITERAL_CONVERSION = YES;
				CLANG_WARN_OBJC_ROOT_CLASS = YES_ERROR;
				CLANG_WARN_RANGE_LOOP_ANALYSIS = YES;
				CLANG_WARN_STRICT_PROTOTYPES = YES;
				CLANG_WARN_SUSPICIOUS_MOVE = YES;
				CLANG_WARN_UNGUARDED_AVAILABILITY = YES_AGGRESSIVE;
				CLANG_WARN_UNREACHABLE_CODE = YES;
				CLANG_WARN__DUPLICATE_METHOD_MATCH = YES;
				CODE_SIGN_IDENTITY = "iPhone Developer";
				COPY_PHASE_STRIP = NO;
				DEBUG_INFORMATION_FORMAT = dwarf;
				ENABLE_STRICT_OBJC_MSGSEND = YES;
				ENABLE_TESTABILITY = YES;
				GCC_C_LANGUAGE_STANDARD = gnu11;
				GCC_DYNAMIC_NO_PIC = NO;
				GCC_NO_COMMON_BLOCKS = YES;
				GCC_OPTIMIZATION_LEVEL = 0;
				GCC_PREPROCESSOR_DEFINITIONS = (
					"DEBUG=1",
					"$(inherited)",
				);
				GCC_WARN_64_TO_32_BIT_CONVERSION = YES;
				GCC_WARN_ABOUT_RETURN_TYPE = YES_ERROR;
				GCC_WARN_UNDECLARED_SELECTOR = YES;
				GCC_WARN_UNINITIALIZED_AUTOS = YES_AGGRESSIVE;
				GCC_WARN_UNUSED_FUNCTION = YES;
				GCC_WARN_UNUSED_VARIABLE = YES;
				IPHONEOS_DEPLOYMENT_TARGET = 11.2;
				MTL_ENABLE_DEBUG_INFO = YES;
				ONLY_ACTIVE_ARCH = YES;
				SDKROOT = iphoneos;
			};
			name = Debug;
		};
		841E4CA42055500D00D8450B /* Release */ = {
			isa = XCBuildConfiguration;
			buildSettings = {
				ALWAYS_SEARCH_USER_PATHS = NO;
				CLANG_ANALYZER_NONNULL = YES;
				CLANG_ANALYZER_NUMBER_OBJECT_CONVERSION = YES_AGGRESSIVE;
				CLANG_CXX_LANGUAGE_STANDARD = "gnu++14";
				CLANG_CXX_LIBRARY = "libc++";
				CLANG_ENABLE_MODULES = YES;
				CLANG_ENABLE_OBJC_ARC = YES;
				CLANG_WARN_BLOCK_CAPTURE_AUTORELEASING = YES;
				CLANG_WARN_BOOL_CONVERSION = YES;
				CLANG_WARN_COMMA = YES;
				CLANG_WARN_CONSTANT_CONVERSION = YES;
				CLANG_WARN_DIRECT_OBJC_ISA_USAGE = YES_ERROR;
				CLANG_WARN_DOCUMENTATION_COMMENTS = YES;
				CLANG_WARN_EMPTY_BODY = YES;
				CLANG_WARN_ENUM_CONVERSION = YES;
				CLANG_WARN_INFINITE_RECURSION = YES;
				CLANG_WARN_INT_CONVERSION = YES;
				CLANG_WARN_NON_LITERAL_NULL_CONVERSION = YES;
				CLANG_WARN_OBJC_LITERAL_CONVERSION = YES;
				CLANG_WARN_OBJC_ROOT_CLASS = YES_ERROR;
				CLANG_WARN_RANGE_LOOP_ANALYSIS = YES;
				CLANG_WARN_STRICT_PROTOTYPES = YES;
				CLANG_WARN_SUSPICIOUS_MOVE = YES;
				CLANG_WARN_UNGUARDED_AVAILABILITY = YES_AGGRESSIVE;
				CLANG_WARN_UNREACHABLE_CODE = YES;
				CLANG_WARN__DUPLICATE_METHOD_MATCH = YES;
				CODE_SIGN_IDENTITY = "iPhone Developer";
				COPY_PHASE_STRIP = NO;
				DEBUG_INFORMATION_FORMAT = "dwarf-with-dsym";
				ENABLE_NS_ASSERTIONS = NO;
				ENABLE_STRICT_OBJC_MSGSEND = YES;
				GCC_C_LANGUAGE_STANDARD = gnu11;
				GCC_NO_COMMON_BLOCKS = YES;
				GCC_WARN_64_TO_32_BIT_CONVERSION = YES;
				GCC_WARN_ABOUT_RETURN_TYPE = YES_ERROR;
				GCC_WARN_UNDECLARED_SELECTOR = YES;
				GCC_WARN_UNINITIALIZED_AUTOS = YES_AGGRESSIVE;
				GCC_WARN_UNUSED_FUNCTION = YES;
				GCC_WARN_UNUSED_VARIABLE = YES;
				IPHONEOS_DEPLOYMENT_TARGET = 11.2;
				MTL_ENABLE_DEBUG_INFO = NO;
				SDKROOT = iphoneos;
				VALIDATE_PRODUCT = YES;
			};
			name = Release;
		};
		841E4CA62055500D00D8450B /* Debug */ = {
			isa = XCBuildConfiguration;
			buildSettings = {
				ASSETCATALOG_COMPILER_APPICON_NAME = AppIcon;
				CODE_SIGN_ENTITLEMENTS = Receiver/Receiver.entitlements;
				CODE_SIGN_STYLE = Automatic;
				DEVELOPMENT_TEAM = V7588NSAN5;
				INFOPLIST_FILE = Receiver/Info.plist;
				LD_RUNPATH_SEARCH_PATHS = "$(inherited) @executable_path/Frameworks";
				PRODUCT_BUNDLE_IDENTIFIER = com.none.idl.Receiver;
				PRODUCT_NAME = "$(TARGET_NAME)";
				TARGETED_DEVICE_FAMILY = "1,2";
			};
			name = Debug;
		};
		841E4CA72055500D00D8450B /* Release */ = {
			isa = XCBuildConfiguration;
			buildSettings = {
				ASSETCATALOG_COMPILER_APPICON_NAME = AppIcon;
				CODE_SIGN_ENTITLEMENTS = Receiver/Receiver.entitlements;
				CODE_SIGN_STYLE = Automatic;
				DEVELOPMENT_TEAM = V7588NSAN5;
				INFOPLIST_FILE = Receiver/Info.plist;
				LD_RUNPATH_SEARCH_PATHS = "$(inherited) @executable_path/Frameworks";
				PRODUCT_BUNDLE_IDENTIFIER = com.none.idl.Receiver;
				PRODUCT_NAME = "$(TARGET_NAME)";
				TARGETED_DEVICE_FAMILY = "1,2";
			};
			name = Release;
		};
		841E4CA92055500D00D8450B /* Debug */ = {
			isa = XCBuildConfiguration;
			buildSettings = {
				BUNDLE_LOADER = "$(TEST_HOST)";
				CODE_SIGN_STYLE = Automatic;
				DEVELOPMENT_TEAM = V7588NSAN5;
				INFOPLIST_FILE = ReceiverTests/Info.plist;
				LD_RUNPATH_SEARCH_PATHS = "$(inherited) @executable_path/Frameworks @loader_path/Frameworks";
				PRODUCT_BUNDLE_IDENTIFIER = com.none.idl.ReceiverTests;
				PRODUCT_NAME = "$(TARGET_NAME)";
				TARGETED_DEVICE_FAMILY = "1,2";
				TEST_HOST = "$(BUILT_PRODUCTS_DIR)/Receiver.app/Receiver";
			};
			name = Debug;
		};
		841E4CAA2055500D00D8450B /* Release */ = {
			isa = XCBuildConfiguration;
			buildSettings = {
				BUNDLE_LOADER = "$(TEST_HOST)";
				CODE_SIGN_STYLE = Automatic;
				DEVELOPMENT_TEAM = V7588NSAN5;
				INFOPLIST_FILE = ReceiverTests/Info.plist;
				LD_RUNPATH_SEARCH_PATHS = "$(inherited) @executable_path/Frameworks @loader_path/Frameworks";
				PRODUCT_BUNDLE_IDENTIFIER = com.none.idl.ReceiverTests;
				PRODUCT_NAME = "$(TARGET_NAME)";
				TARGETED_DEVICE_FAMILY = "1,2";
				TEST_HOST = "$(BUILT_PRODUCTS_DIR)/Receiver.app/Receiver";
			};
			name = Release;
		};
		841E4CAC2055500D00D8450B /* Debug */ = {
			isa = XCBuildConfiguration;
			buildSettings = {
				CODE_SIGN_STYLE = Automatic;
				DEVELOPMENT_TEAM = V7588NSAN5;
				INFOPLIST_FILE = ReceiverUITests/Info.plist;
				LD_RUNPATH_SEARCH_PATHS = "$(inherited) @executable_path/Frameworks @loader_path/Frameworks";
				PRODUCT_BUNDLE_IDENTIFIER = com.none.idl.ReceiverUITests;
				PRODUCT_NAME = "$(TARGET_NAME)";
				TARGETED_DEVICE_FAMILY = "1,2";
				TEST_TARGET_NAME = Receiver;
			};
			name = Debug;
		};
		841E4CAD2055500D00D8450B /* Release */ = {
			isa = XCBuildConfiguration;
			buildSettings = {
				CODE_SIGN_STYLE = Automatic;
				DEVELOPMENT_TEAM = V7588NSAN5;
				INFOPLIST_FILE = ReceiverUITests/Info.plist;
				LD_RUNPATH_SEARCH_PATHS = "$(inherited) @executable_path/Frameworks @loader_path/Frameworks";
				PRODUCT_BUNDLE_IDENTIFIER = com.none.idl.ReceiverUITests;
				PRODUCT_NAME = "$(TARGET_NAME)";
				TARGETED_DEVICE_FAMILY = "1,2";
				TEST_TARGET_NAME = Receiver;
			};
			name = Release;
		};
		841E4CC32055A7CB00D8450B /* Debug */ = {
			isa = XCBuildConfiguration;
			buildSettings = {
				CODE_SIGN_ENTITLEMENTS = WebmExtension/WebmExtension.entitlements;
				CODE_SIGN_STYLE = Automatic;
				DEVELOPMENT_TEAM = V7588NSAN5;
				INFOPLIST_FILE = WebmExtension/Info.plist;
				LD_RUNPATH_SEARCH_PATHS = "$(inherited) @executable_path/Frameworks @executable_path/../../Frameworks";
				PRODUCT_BUNDLE_IDENTIFIER = com.none.idl.Receiver.WebmExtension;
				PRODUCT_NAME = "$(TARGET_NAME)";
				SKIP_INSTALL = YES;
				TARGETED_DEVICE_FAMILY = "1,2";
			};
			name = Debug;
		};
		841E4CC42055A7CB00D8450B /* Release */ = {
			isa = XCBuildConfiguration;
			buildSettings = {
				CODE_SIGN_ENTITLEMENTS = WebmExtension/WebmExtension.entitlements;
				CODE_SIGN_STYLE = Automatic;
				DEVELOPMENT_TEAM = V7588NSAN5;
				INFOPLIST_FILE = WebmExtension/Info.plist;
				LD_RUNPATH_SEARCH_PATHS = "$(inherited) @executable_path/Frameworks @executable_path/../../Frameworks";
				PRODUCT_BUNDLE_IDENTIFIER = com.none.idl.Receiver.WebmExtension;
				PRODUCT_NAME = "$(TARGET_NAME)";
				SKIP_INSTALL = YES;
				TARGETED_DEVICE_FAMILY = "1,2";
			};
			name = Release;
		};
/* End XCBuildConfiguration section */

/* Begin XCConfigurationList section */
		841E4C712055500C00D8450B /* Build configuration list for PBXProject "Receiver" */ = {
			isa = XCConfigurationList;
			buildConfigurations = (
				841E4CA32055500D00D8450B /* Debug */,
				841E4CA42055500D00D8450B /* Release */,
			);
			defaultConfigurationIsVisible = 0;
			defaultConfigurationName = Release;
		};
		841E4CA52055500D00D8450B /* Build configuration list for PBXNativeTarget "Receiver" */ = {
			isa = XCConfigurationList;
			buildConfigurations = (
				841E4CA62055500D00D8450B /* Debug */,
				841E4CA72055500D00D8450B /* Release */,
			);
			defaultConfigurationIsVisible = 0;
			defaultConfigurationName = Release;
		};
		841E4CA82055500D00D8450B /* Build configuration list for PBXNativeTarget "ReceiverTests" */ = {
			isa = XCConfigurationList;
			buildConfigurations = (
				841E4CA92055500D00D8450B /* Debug */,
				841E4CAA2055500D00D8450B /* Release */,
			);
			defaultConfigurationIsVisible = 0;
			defaultConfigurationName = Release;
		};
		841E4CAB2055500D00D8450B /* Build configuration list for PBXNativeTarget "ReceiverUITests" */ = {
			isa = XCConfigurationList;
			buildConfigurations = (
				841E4CAC2055500D00D8450B /* Debug */,
				841E4CAD2055500D00D8450B /* Release */,
			);
			defaultConfigurationIsVisible = 0;
			defaultConfigurationName = Release;
		};
		841E4CC22055A7CB00D8450B /* Build configuration list for PBXNativeTarget "WebmExtension" */ = {
			isa = XCConfigurationList;
			buildConfigurations = (
				841E4CC32055A7CB00D8450B /* Debug */,
				841E4CC42055A7CB00D8450B /* Release */,
			);
			defaultConfigurationIsVisible = 0;
			defaultConfigurationName = Release;
		};
/* End XCConfigurationList section */

/* Begin XCVersionGroup section */
		841E4C822055500C00D8450B /* Receiver.xcdatamodeld */ = {
			isa = XCVersionGroup;
			children = (
				841E4C832055500C00D8450B /* Receiver.xcdatamodel */,
			);
			currentVersion = 841E4C832055500C00D8450B /* Receiver.xcdatamodel */;
			path = Receiver.xcdatamodeld;
			sourceTree = "<group>";
			versionGroupType = wrapper.xcdatamodel;
		};
/* End XCVersionGroup section */
	};
	rootObject = 841E4C6E2055500C00D8450B /* Project object */;
}
